
Microsoft Visual Studio Solution File, Format Version 12.00
# Visual Studio Version 17
VisualStudioVersion = 17.13.35828.75
MinimumVisualStudioVersion = 10.0.40219.1
Project("{FAE04EC0-301F-11D3-BF4B-00C04F79EFBC}") = "WpfApp-FinancialPlanner", "WpfApp-FinancialPlanner\WpfApp-FinancialPlanner.csproj", "{FF24C63D-85E7-429C-931C-5441216FD3B7}"
EndProject
Project("{FAE04EC0-301F-11D3-BF4B-00C04F79EFBC}") = "ClassLibrary-FinancialPlanner", "ClassLibrary-FinancialPlanner\ClassLibrary-FinancialPlanner.csproj", "{4EDA9092-09C8-4C6A-80ED-59B120F1508F}"
EndProject
Global
	GlobalSection(SolutionConfigurationPlatforms) = preSolution
		Debug|Any CPU = Debug|Any CPU
		Release|Any CPU = Release|Any CPU
	EndGlobalSection
	GlobalSection(ProjectConfigurationPlatforms) = postSolution
		{FF24C63D-85E7-429C-931C-5441216FD3B7}.Debug|Any CPU.ActiveCfg = Debug|Any CPU
		{FF24C63D-85E7-429C-931C-5441216FD3B7}.Debug|Any CPU.Build.0 = Debug|Any CPU
		{FF24C63D-85E7-429C-931C-5441216FD3B7}.Release|Any CPU.ActiveCfg = Release|Any CPU
		{FF24C63D-85E7-429C-931C-5441216FD3B7}.Release|Any CPU.Build.0 = Release|Any CPU
		{4EDA9092-09C8-4C6A-80ED-59B120F1508F}.Debug|Any CPU.ActiveCfg = Debug|Any CPU
		{4EDA9092-09C8-4C6A-80ED-59B120F1508F}.Debug|Any CPU.Build.0 = Debug|Any CPU
		{4EDA9092-09C8-4C6A-80ED-59B120F1508F}.Release|Any CPU.ActiveCfg = Release|Any CPU
		{4EDA9092-09C8-4C6A-80ED-59B120F1508F}.Release|Any CPU.Build.0 = Release|Any CPU
	EndGlobalSection
	GlobalSection(SolutionProperties) = preSolution
		HideSolutionNode = FALSE
	EndGlobalSection
	GlobalSection(ExtensibilityGlobals) = postSolution
		SolutionGuid = {9E23F059-45A2-4030-A15B-0159E2642FC2}
	EndGlobalSection
EndGlobal
